{
  "lockfileVersion": 1,
  "dependencies": {
    "html-from-wconversation-to-text": {
      "version": "1.0.0",
      "resolved": "https://registry.npmjs.org/html-from-wconversation-to-text/-/html-from-wconversation-to-text-1.0.0.tgz",
      "integrity": "sha512-3OkOBsRaK/R39JviXPlvjkm+Ww7MddIK8CwUd7K7lJPqjnaioGCokqkqr4UIN8Ay2ftenLr1T8rj89L80LMApQ=="
    }
  }
}
